
Microsoft Visual Studio Solution File, Format Version 12.00
# Visual Studio Version 17
VisualStudioVersion = 17.5.33516.290
MinimumVisualStudioVersion = 10.0.40219.1
Project("{2150E333-8FDC-42A3-9474-1A3956D46DE8}") = "Core", "Core", "{CF7DC1DD-21C8-4C0F-9AFF-CC2492200B1B}"
EndProject
Project("{9A19103F-16F7-4668-BE54-9A1E7A4F7556}") = "Application", "..\Application\Application.csproj", "{077F1287-4417-4A6B-872D-0C34BD35CFC3}"
EndProject
Project("{2150E333-8FDC-42A3-9474-1A3956D46DE8}") = "Infra", "Infra", "{18B2D77C-4080-4C05-98B5-4974CA6853BB}"
EndProject
Project("{9A19103F-16F7-4668-BE54-9A1E7A4F7556}") = "Infrastructure", "..\Infrastructure\Infrastructure.csproj", "{563D5726-5E53-4D41-809C-9628D338358F}"
EndProject
Project("{9A19103F-16F7-4668-BE54-9A1E7A4F7556}") = "BA.API", "..\WebApi\BA.API.csproj", "{C1B13366-6070-411B-A895-D49E01373E03}"
EndProject
Project("{9A19103F-16F7-4668-BE54-9A1E7A4F7556}") = "Infra_Persistence", "..\Infra_Persistence\Infra_Persistence.csproj", "{945B7186-FC31-40EB-8349-D8BEE5623B92}"
EndProject
Project("{2150E333-8FDC-42A3-9474-1A3956D46DE8}") = "Test", "Test", "{BB2A78AE-8F2A-4616-92A6-9916FCACCDB6}"
EndProject
Project("{9A19103F-16F7-4668-BE54-9A1E7A4F7556}") = "WebApi_Test", "..\WebApi_Test\WebApi_Test.csproj", "{3294DB29-F146-4B92-A14C-A78D61C4F72B}"
EndProject
Project("{9A19103F-16F7-4668-BE54-9A1E7A4F7556}") = "ReportSpeedOver.API", "..\VehicleInformation\ReportSpeedOver.API.csproj", "{05DE9927-5A25-473E-9BD4-3B143E4FA0A1}"
EndProject
Project("{2150E333-8FDC-42A3-9474-1A3956D46DE8}") = "Services", "Services", "{B71FAAB1-ACDF-4DB7-AE7F-B426A3B9032A}"
EndProject
Project("{2150E333-8FDC-42A3-9474-1A3956D46DE8}") = "BA.API", "BA.API", "{1A924579-A4E6-4D88-9EFC-FCFBFE926CF6}"
EndProject
Project("{2150E333-8FDC-42A3-9474-1A3956D46DE8}") = "ReportSpeedOver.API", "ReportSpeedOver.API", "{0E43FA40-05BB-44D1-8D6A-4A7C609086A7}"
EndProject
Project("{2150E333-8FDC-42A3-9474-1A3956D46DE8}") = "ApiGateways", "ApiGateways", "{B1F6395D-60E6-464A-9269-917B9810F9BB}"
EndProject
Project("{9A19103F-16F7-4668-BE54-9A1E7A4F7556}") = "Services.Common", "Services.Common\Services.Common.csproj", "{341E420E-FC78-4654-8193-BFD65446BA66}"
EndProject
Project("{9A19103F-16F7-4668-BE54-9A1E7A4F7556}") = "OcelotGateway", "OcelotGateway\OcelotGateway.csproj", "{5960713C-E319-40F2-BAB1-59C3FBD37793}"
EndProject
Project("{2150E333-8FDC-42A3-9474-1A3956D46DE8}") = "gRPC", "gRPC", "{838F2A1D-0097-4CB1-B726-C12808D7DF21}"
EndProject
Project("{FAE04EC0-301F-11D3-BF4B-00C04F79EFBC}") = "ReportDataGrpcService", "ReportDataGrpcService\ReportDataGrpcService.csproj", "{DC7F52AA-87E2-4B7D-A7D6-F091407548A9}"
EndProject
Global
	GlobalSection(SolutionConfigurationPlatforms) = preSolution
		Debug|Any CPU = Debug|Any CPU
		Release|Any CPU = Release|Any CPU
	EndGlobalSection
	GlobalSection(ProjectConfigurationPlatforms) = postSolution
		{077F1287-4417-4A6B-872D-0C34BD35CFC3}.Debug|Any CPU.ActiveCfg = Debug|Any CPU
		{077F1287-4417-4A6B-872D-0C34BD35CFC3}.Debug|Any CPU.Build.0 = Debug|Any CPU
		{077F1287-4417-4A6B-872D-0C34BD35CFC3}.Release|Any CPU.ActiveCfg = Release|Any CPU
		{077F1287-4417-4A6B-872D-0C34BD35CFC3}.Release|Any CPU.Build.0 = Release|Any CPU
		{563D5726-5E53-4D41-809C-9628D338358F}.Debug|Any CPU.ActiveCfg = Debug|Any CPU
		{563D5726-5E53-4D41-809C-9628D338358F}.Debug|Any CPU.Build.0 = Debug|Any CPU
		{563D5726-5E53-4D41-809C-9628D338358F}.Release|Any CPU.ActiveCfg = Release|Any CPU
		{563D5726-5E53-4D41-809C-9628D338358F}.Release|Any CPU.Build.0 = Release|Any CPU
		{C1B13366-6070-411B-A895-D49E01373E03}.Debug|Any CPU.ActiveCfg = Debug|Any CPU
		{C1B13366-6070-411B-A895-D49E01373E03}.Debug|Any CPU.Build.0 = Debug|Any CPU
		{C1B13366-6070-411B-A895-D49E01373E03}.Release|Any CPU.ActiveCfg = Release|Any CPU
		{C1B13366-6070-411B-A895-D49E01373E03}.Release|Any CPU.Build.0 = Release|Any CPU
		{945B7186-FC31-40EB-8349-D8BEE5623B92}.Debug|Any CPU.ActiveCfg = Debug|Any CPU
		{945B7186-FC31-40EB-8349-D8BEE5623B92}.Debug|Any CPU.Build.0 = Debug|Any CPU
		{945B7186-FC31-40EB-8349-D8BEE5623B92}.Release|Any CPU.ActiveCfg = Release|Any CPU
		{945B7186-FC31-40EB-8349-D8BEE5623B92}.Release|Any CPU.Build.0 = Release|Any CPU
		{3294DB29-F146-4B92-A14C-A78D61C4F72B}.Debug|Any CPU.ActiveCfg = Debug|Any CPU
		{3294DB29-F146-4B92-A14C-A78D61C4F72B}.Debug|Any CPU.Build.0 = Debug|Any CPU
		{3294DB29-F146-4B92-A14C-A78D61C4F72B}.Release|Any CPU.ActiveCfg = Release|Any CPU
		{3294DB29-F146-4B92-A14C-A78D61C4F72B}.Release|Any CPU.Build.0 = Release|Any CPU
		{05DE9927-5A25-473E-9BD4-3B143E4FA0A1}.Debug|Any CPU.ActiveCfg = Debug|Any CPU
		{05DE9927-5A25-473E-9BD4-3B143E4FA0A1}.Debug|Any CPU.Build.0 = Debug|Any CPU
		{05DE9927-5A25-473E-9BD4-3B143E4FA0A1}.Release|Any CPU.ActiveCfg = Release|Any CPU
		{05DE9927-5A25-473E-9BD4-3B143E4FA0A1}.Release|Any CPU.Build.0 = Release|Any CPU
		{341E420E-FC78-4654-8193-BFD65446BA66}.Debug|Any CPU.ActiveCfg = Debug|Any CPU
		{341E420E-FC78-4654-8193-BFD65446BA66}.Debug|Any CPU.Build.0 = Debug|Any CPU
		{341E420E-FC78-4654-8193-BFD65446BA66}.Release|Any CPU.ActiveCfg = Release|Any CPU
		{341E420E-FC78-4654-8193-BFD65446BA66}.Release|Any CPU.Build.0 = Release|Any CPU
		{5960713C-E319-40F2-BAB1-59C3FBD37793}.Debug|Any CPU.ActiveCfg = Debug|Any CPU
		{5960713C-E319-40F2-BAB1-59C3FBD37793}.Debug|Any CPU.Build.0 = Debug|Any CPU
		{5960713C-E319-40F2-BAB1-59C3FBD37793}.Release|Any CPU.ActiveCfg = Release|Any CPU
		{5960713C-E319-40F2-BAB1-59C3FBD37793}.Release|Any CPU.Build.0 = Release|Any CPU
		{DC7F52AA-87E2-4B7D-A7D6-F091407548A9}.Debug|Any CPU.ActiveCfg = Debug|Any CPU
		{DC7F52AA-87E2-4B7D-A7D6-F091407548A9}.Debug|Any CPU.Build.0 = Debug|Any CPU
		{DC7F52AA-87E2-4B7D-A7D6-F091407548A9}.Release|Any CPU.ActiveCfg = Release|Any CPU
		{DC7F52AA-87E2-4B7D-A7D6-F091407548A9}.Release|Any CPU.Build.0 = Release|Any CPU
	EndGlobalSection
	GlobalSection(SolutionProperties) = preSolution
		HideSolutionNode = FALSE
	EndGlobalSection
	GlobalSection(NestedProjects) = preSolution
		{CF7DC1DD-21C8-4C0F-9AFF-CC2492200B1B} = {1A924579-A4E6-4D88-9EFC-FCFBFE926CF6}
		{077F1287-4417-4A6B-872D-0C34BD35CFC3} = {CF7DC1DD-21C8-4C0F-9AFF-CC2492200B1B}
		{18B2D77C-4080-4C05-98B5-4974CA6853BB} = {1A924579-A4E6-4D88-9EFC-FCFBFE926CF6}
		{563D5726-5E53-4D41-809C-9628D338358F} = {18B2D77C-4080-4C05-98B5-4974CA6853BB}
		{C1B13366-6070-411B-A895-D49E01373E03} = {1A924579-A4E6-4D88-9EFC-FCFBFE926CF6}
		{945B7186-FC31-40EB-8349-D8BEE5623B92} = {18B2D77C-4080-4C05-98B5-4974CA6853BB}
		{BB2A78AE-8F2A-4616-92A6-9916FCACCDB6} = {1A924579-A4E6-4D88-9EFC-FCFBFE926CF6}
		{3294DB29-F146-4B92-A14C-A78D61C4F72B} = {BB2A78AE-8F2A-4616-92A6-9916FCACCDB6}
		{05DE9927-5A25-473E-9BD4-3B143E4FA0A1} = {0E43FA40-05BB-44D1-8D6A-4A7C609086A7}
		{1A924579-A4E6-4D88-9EFC-FCFBFE926CF6} = {B71FAAB1-ACDF-4DB7-AE7F-B426A3B9032A}
		{0E43FA40-05BB-44D1-8D6A-4A7C609086A7} = {B71FAAB1-ACDF-4DB7-AE7F-B426A3B9032A}
		{341E420E-FC78-4654-8193-BFD65446BA66} = {B71FAAB1-ACDF-4DB7-AE7F-B426A3B9032A}
		{5960713C-E319-40F2-BAB1-59C3FBD37793} = {B1F6395D-60E6-464A-9269-917B9810F9BB}
		{838F2A1D-0097-4CB1-B726-C12808D7DF21} = {B71FAAB1-ACDF-4DB7-AE7F-B426A3B9032A}
		{DC7F52AA-87E2-4B7D-A7D6-F091407548A9} = {838F2A1D-0097-4CB1-B726-C12808D7DF21}
	EndGlobalSection
	GlobalSection(ExtensibilityGlobals) = postSolution
		SolutionGuid = {159B5956-03CC-4A30-8B9B-B5BAD1D18F2C}
	EndGlobalSection
EndGlobal
